
Microsoft Visual Studio Solution File, Format Version 12.00
# Visual Studio 15
VisualStudioVersion = 15.0.27703.2047
MinimumVisualStudioVersion = 10.0.40219.1
Project("{FAE04EC0-301F-11D3-BF4B-00C04F79EFBC}") = "Brewery.Web", "Brewery.Web\Brewery.Web.csproj", "{8C4119F8-60C2-4B16-871D-A84AD28A744E}"
EndProject
Project("{FAE04EC0-301F-11D3-BF4B-00C04F79EFBC}") = "Brewery.Data", "Brewery.Data\Brewery.Data.csproj", "{B0DB4603-588E-41A5-935F-CBB20E69CAE5}"
EndProject
Project("{FAE04EC0-301F-11D3-BF4B-00C04F79EFBC}") = "Brewery.Models", "Brewery.Models\Brewery.Models.csproj", "{A6DC9F2A-B7CD-4CD0-8EFA-EAAE59E8A910}"
EndProject
Project("{FAE04EC0-301F-11D3-BF4B-00C04F79EFBC}") = "Brewery.Services", "Brewery.Services\Brewery.Services.csproj", "{27EBD0A8-03E7-4283-9817-84BC30E54995}"
EndProject
Project("{FAE04EC0-301F-11D3-BF4B-00C04F79EFBC}") = "Brewery.Core", "Brewery.Core\Brewery.Core.csproj", "{983B7664-B328-487E-AF2A-D92AFDCA3CF6}"
EndProject
Global
	GlobalSection(SolutionConfigurationPlatforms) = preSolution
		Debug|Any CPU = Debug|Any CPU
		Release|Any CPU = Release|Any CPU
	EndGlobalSection
	GlobalSection(ProjectConfigurationPlatforms) = postSolution
		{8C4119F8-60C2-4B16-871D-A84AD28A744E}.Debug|Any CPU.ActiveCfg = Debug|Any CPU
		{8C4119F8-60C2-4B16-871D-A84AD28A744E}.Debug|Any CPU.Build.0 = Debug|Any CPU
		{8C4119F8-60C2-4B16-871D-A84AD28A744E}.Release|Any CPU.ActiveCfg = Release|Any CPU
		{8C4119F8-60C2-4B16-871D-A84AD28A744E}.Release|Any CPU.Build.0 = Release|Any CPU
		{B0DB4603-588E-41A5-935F-CBB20E69CAE5}.Debug|Any CPU.ActiveCfg = Debug|Any CPU
		{B0DB4603-588E-41A5-935F-CBB20E69CAE5}.Debug|Any CPU.Build.0 = Debug|Any CPU
		{B0DB4603-588E-41A5-935F-CBB20E69CAE5}.Release|Any CPU.ActiveCfg = Release|Any CPU
		{B0DB4603-588E-41A5-935F-CBB20E69CAE5}.Release|Any CPU.Build.0 = Release|Any CPU
		{A6DC9F2A-B7CD-4CD0-8EFA-EAAE59E8A910}.Debug|Any CPU.ActiveCfg = Debug|Any CPU
		{A6DC9F2A-B7CD-4CD0-8EFA-EAAE59E8A910}.Debug|Any CPU.Build.0 = Debug|Any CPU
		{A6DC9F2A-B7CD-4CD0-8EFA-EAAE59E8A910}.Release|Any CPU.ActiveCfg = Release|Any CPU
		{A6DC9F2A-B7CD-4CD0-8EFA-EAAE59E8A910}.Release|Any CPU.Build.0 = Release|Any CPU
		{27EBD0A8-03E7-4283-9817-84BC30E54995}.Debug|Any CPU.ActiveCfg = Debug|Any CPU
		{27EBD0A8-03E7-4283-9817-84BC30E54995}.Debug|Any CPU.Build.0 = Debug|Any CPU
		{27EBD0A8-03E7-4283-9817-84BC30E54995}.Release|Any CPU.ActiveCfg = Release|Any CPU
		{27EBD0A8-03E7-4283-9817-84BC30E54995}.Release|Any CPU.Build.0 = Release|Any CPU
		{983B7664-B328-487E-AF2A-D92AFDCA3CF6}.Debug|Any CPU.ActiveCfg = Debug|Any CPU
		{983B7664-B328-487E-AF2A-D92AFDCA3CF6}.Debug|Any CPU.Build.0 = Debug|Any CPU
		{983B7664-B328-487E-AF2A-D92AFDCA3CF6}.Release|Any CPU.ActiveCfg = Release|Any CPU
		{983B7664-B328-487E-AF2A-D92AFDCA3CF6}.Release|Any CPU.Build.0 = Release|Any CPU
	EndGlobalSection
	GlobalSection(SolutionProperties) = preSolution
		HideSolutionNode = FALSE
	EndGlobalSection
	GlobalSection(ExtensibilityGlobals) = postSolution
		SolutionGuid = {A28E5AC1-9A46-4CED-A4F3-3E14AC775298}
	EndGlobalSection
EndGlobal
